{
  "name": "cert_transparency",
  "version": "1.0.0",
  "lockfileVersion": 1,
  "requires": true,
  "dependencies": {
    "lodash": {
      "version": "4.17.15",
      "resolved": "https://registry.npmjs.org/lodash/-/lodash-4.17.15.tgz",
      "integrity": "sha512-8xOcRHvCjnocdS5cpwXQXVzmmh5e5+saE2QGoeQmbKmRS6J3VQppPOIt0MnmE+4xlZoumy0GPG0D0MVIQbNA1A==",
      "dev": true
    },
    "serverless-iam-roles-per-function": {
      "version": "1.0.4",
      "resolved": "https://registry.npmjs.org/serverless-iam-roles-per-function/-/serverless-iam-roles-per-function-1.0.4.tgz",
      "integrity": "sha512-hmOYeVZeWfE4r7NrTBdKpkmhPt/EhN9WZt6H3iDCOli+nHituvUlDZTkEK/qbCpp9Z7nNJYNaQW2K/3OkaLMXw==",
      "dev": true,
      "requires": {
        "lodash": "^4.17.10"
      }
    }
  }
}
